<?xml version="1.0" encoding="utf-8"?>
<Project ToolsVersion="4.0" xmlns="http://schemas.microsoft.com/developer/msbuild/2003">
  <ItemGroup>
    <Filter Include="源文件">
      <UniqueIdentifier>{4FC737F1-C7A5-4376-A066-2A32D752A2FF}</UniqueIdentifier>
      <Extensions>cpp;c;cc;cxx;c++;cppm;ixx;def;odl;idl;hpj;bat;asm;asmx</Extensions>
    </Filter>
    <Filter Include="头文件">
      <UniqueIdentifier>{93995380-89BD-4b04-88EB-625FBE52EBFB}</UniqueIdentifier>
      <Extensions>h;hh;hpp;hxx;h++;hm;inl;inc;ipp;xsd</Extensions>
    </Filter>
    <Filter Include="资源文件">
      <UniqueIdentifier>{67DA6AB6-F800-4c08-8B7A-83BB121AAD01}</UniqueIdentifier>
      <Extensions>rc;ico;cur;bmp;dlg;rc2;rct;bin;rgs;gif;jpg;jpeg;jpe;resx;tiff;tif;png;wav;mfcribbon-ms</Extensions>
    </Filter>
  </ItemGroup>
  <ItemGroup>
    <ClCompile Include="01 顺序表.cpp">
      <Filter>源文件</Filter>
    </ClCompile>
    <ClCompile Include="02 单链表.cpp">
      <Filter>源文件</Filter>
    </ClCompile>
    <ClCompile Include="03 顺序栈.cpp">
      <Filter>源文件</Filter>
    </ClCompile>
    <ClCompile Include="04 链栈.cpp">
      <Filter>源文件</Filter>
    </ClCompile>
    <ClCompile Include="05 循环队列.cpp">
      <Filter>源文件</Filter>
    </ClCompile>
    <ClCompile Include="06 链队.cpp">
      <Filter>源文件</Filter>
    </ClCompile>
    <ClCompile Include="07 串的BP算法.cpp">
      <Filter>源文件</Filter>
    </ClCompile>
    <ClCompile Include="08 串的KMP算法.cpp">
      <Filter>源文件</Filter>
    </ClCompile>
    <ClCompile Include="09 先序遍历递归.cpp">
      <Filter>源文件</Filter>
    </ClCompile>
    <ClCompile Include="10 中序遍历栈.cpp">
      <Filter>源文件</Filter>
    </ClCompile>
    <ClCompile Include="11 层次遍历.cpp">
      <Filter>源文件</Filter>
    </ClCompile>
    <ClCompile Include="12 二叉链表的建立.cpp">
      <Filter>源文件</Filter>
    </ClCompile>
    <ClCompile Include="13 复制二叉树.cpp">
      <Filter>源文件</Filter>
    </ClCompile>
    <ClCompile Include="14 计算二叉树深度.cpp">
      <Filter>源文件</Filter>
    </ClCompile>
    <ClCompile Include="15 求二叉树结点个数.cpp">
      <Filter>源文件</Filter>
    </ClCompile>
    <ClCompile Include="16 求二叉树叶子结点个数.cpp">
      <Filter>源文件</Filter>
    </ClCompile>
    <ClCompile Include="17 哈夫曼树.cpp">
      <Filter>源文件</Filter>
    </ClCompile>
    <ClCompile Include="18 邻接矩阵.cpp">
      <Filter>源文件</Filter>
    </ClCompile>
    <ClCompile Include="19 邻接表.cpp">
      <Filter>源文件</Filter>
    </ClCompile>
    <ClCompile Include="20 深度优先 邻接矩阵.cpp">
      <Filter>源文件</Filter>
    </ClCompile>
    <ClCompile Include="21 广度优先 邻接表.cpp">
      <Filter>源文件</Filter>
    </ClCompile>
    <ClCompile Include="22 顺序查找.cpp">
      <Filter>源文件</Filter>
    </ClCompile>
    <ClCompile Include="23 二分查找.cpp">
      <Filter>源文件</Filter>
    </ClCompile>
    <ClCompile Include="24 二叉排序树.cpp">
      <Filter>源文件</Filter>
    </ClCompile>
    <ClCompile Include="23 插入排序.cpp">
      <Filter>源文件</Filter>
    </ClCompile>
    <ClCompile Include="25 希尔排序.cpp">
      <Filter>源文件</Filter>
    </ClCompile>
    <ClCompile Include="26 冒泡排序.cpp">
      <Filter>源文件</Filter>
    </ClCompile>
    <ClCompile Include="27 快速排序.cpp">
      <Filter>源文件</Filter>
    </ClCompile>
    <ClCompile Include="28 选择排序.cpp">
      <Filter>源文件</Filter>
    </ClCompile>
    <ClCompile Include="29 堆排序.cpp">
      <Filter>源文件</Filter>
    </ClCompile>
    <ClCompile Include="30 归并排序.cpp">
      <Filter>源文件</Filter>
    </ClCompile>
  </ItemGroup>
</Project>